{
    "version": 3,
    "terraform_version": "0.10.7",
    "serial": 9,
    "lineage": "3fd1efc0-b0ae-4711-b8f9-e07b692680fe",
    "modules": [
        {
            "path": [
                "root"
            ],
            "outputs": {},
            "resources": {
                "aws_api_gateway_api_key.cd_releaser": {
                    "type": "aws_api_gateway_api_key",
                    "depends_on": [
                        "aws_api_gateway_deployment.cd_releaser_deployment",
                        "aws_api_gateway_rest_api.cd_releaser"
                    ],
                    "primary": {
                        "id": "hrflnujpcg",
                        "attributes": {
                            "created_date": "2017-10-06T02:52:03Z",
                            "description": "Managed by Terraform",
                            "enabled": "true",
                            "id": "hrflnujpcg",
                            "last_updated_date": "2017-10-06T02:52:03Z",
                            "name": "cd_releaser_api_key",
                            "stage_key.#": "1",
                            "stage_key.2695780880.rest_api_id": "vjkkramagd",
                            "stage_key.2695780880.stage_name": "production",
                            "value": "e775f398cadc4367093844ccbadae281b8fceb0a"
                        },
                        "meta": {},
                        "tainted": false
                    },
                    "deposed": [],
                    "provider": ""
                },
                "aws_api_gateway_deployment.cd_releaser_deployment": {
                    "type": "aws_api_gateway_deployment",
                    "depends_on": [
                        "aws_api_gateway_rest_api.cd_releaser"
                    ],
                    "primary": {
                        "id": "sb4ua8",
                        "attributes": {
                            "created_date": "2017-10-06T02:20:51Z",
                            "description": "",
                            "execution_arn": "arn:aws:execute-api:ap-southeast-2:441025416422:vjkkramagd/production",
                            "id": "sb4ua8",
                            "invoke_url": "https://vjkkramagd.execute-api.ap-southeast-2.amazonaws.com/production",
                            "rest_api_id": "vjkkramagd",
                            "stage_name": "production"
                        },
                        "meta": {},
                        "tainted": false
                    },
                    "deposed": [],
                    "provider": ""
                },
                "aws_api_gateway_method.api_post": {
                    "type": "aws_api_gateway_method",
                    "depends_on": [
                        "aws_api_gateway_resource.api",
                        "aws_api_gateway_rest_api.cd_releaser"
                    ],
                    "primary": {
                        "id": "agm-vjkkramagd-k88phm-POST",
                        "attributes": {
                            "api_key_required": "true",
                            "authorization": "NONE",
                            "authorizer_id": "",
                            "http_method": "POST",
                            "id": "agm-vjkkramagd-k88phm-POST",
                            "request_models.%": "0",
                            "request_parameters.%": "0",
                            "request_validator_id": "",
                            "resource_id": "k88phm",
                            "rest_api_id": "vjkkramagd"
                        },
                        "meta": {},
                        "tainted": false
                    },
                    "deposed": [],
                    "provider": ""
                },
                "aws_api_gateway_resource.api": {
                    "type": "aws_api_gateway_resource",
                    "depends_on": [
                        "aws_api_gateway_rest_api.cd_releaser"
                    ],
                    "primary": {
                        "id": "k88phm",
                        "attributes": {
                            "id": "k88phm",
                            "parent_id": "0ibh4e4uj3",
                            "path": "/api",
                            "path_part": "api",
                            "rest_api_id": "vjkkramagd"
                        },
                        "meta": {},
                        "tainted": false
                    },
                    "deposed": [],
                    "provider": ""
                },
                "aws_api_gateway_rest_api.cd_releaser": {
                    "type": "aws_api_gateway_rest_api",
                    "depends_on": [],
                    "primary": {
                        "id": "vjkkramagd",
                        "attributes": {
                            "binary_media_types.#": "0",
                            "created_date": "2017-10-06T02:10:26Z",
                            "description": "API Gateway to access Lambda to keep CICD pipeline state",
                            "id": "vjkkramagd",
                            "name": "cd_releaser",
                            "root_resource_id": "0ibh4e4uj3"
                        },
                        "meta": {},
                        "tainted": false
                    },
                    "deposed": [],
                    "provider": ""
                },
                "aws_api_gateway_usage_plan.cd_releaser": {
                    "type": "aws_api_gateway_usage_plan",
                    "depends_on": [
                        "aws_api_gateway_deployment.cd_releaser_deployment",
                        "aws_api_gateway_rest_api.cd_releaser"
                    ],
                    "primary": {
                        "id": "hvd4bj",
                        "attributes": {
                            "api_stages.#": "1",
                            "api_stages.0.api_id": "vjkkramagd",
                            "api_stages.0.stage": "production",
                            "description": "hmmm",
                            "id": "hvd4bj",
                            "name": "cd_releaser_usage_plan",
                            "product_code": "MYCODE",
                            "quota_settings.#": "1",
                            "quota_settings.564514699.limit": "20",
                            "quota_settings.564514699.offset": "2",
                            "quota_settings.564514699.period": "WEEK",
                            "throttle_settings.#": "1",
                            "throttle_settings.1674048700.burst_limit": "5",
                            "throttle_settings.1674048700.rate_limit": "5"
                        },
                        "meta": {},
                        "tainted": false
                    },
                    "deposed": [],
                    "provider": ""
                },
                "aws_api_gateway_usage_plan_key.cd_releaser": {
                    "type": "aws_api_gateway_usage_plan_key",
                    "depends_on": [
                        "aws_api_gateway_api_key.cd_releaser",
                        "aws_api_gateway_usage_plan.cd_releaser"
                    ],
                    "primary": {
                        "id": "hrflnujpcg",
                        "attributes": {
                            "id": "hrflnujpcg",
                            "key_id": "hrflnujpcg",
                            "key_type": "API_KEY",
                            "name": "cd_releaser_api_key",
                            "usage_plan_id": "hvd4bj",
                            "value": ""
                        },
                        "meta": {},
                        "tainted": false
                    },
                    "deposed": [],
                    "provider": ""
                },
                "aws_dynamodb_table.cd_releaser": {
                    "type": "aws_dynamodb_table",
                    "depends_on": [],
                    "primary": {
                        "id": "cd_releaser_tableS",
                        "attributes": {
                            "arn": "arn:aws:dynamodb:ap-southeast-2:441025416422:table/cd_releaser_tableS",
                            "attribute.#": "3",
                            "attribute.301566416.name": "TopScore",
                            "attribute.301566416.type": "N",
                            "attribute.3178016421.name": "GameTitle",
                            "attribute.3178016421.type": "S",
                            "attribute.3403068082.name": "UserId",
                            "attribute.3403068082.type": "S",
                            "global_secondary_index.#": "1",
                            "global_secondary_index.2342318823.hash_key": "GameTitle",
                            "global_secondary_index.2342318823.name": "GameTitleIndex",
                            "global_secondary_index.2342318823.non_key_attributes.#": "1",
                            "global_secondary_index.2342318823.non_key_attributes.0": "UserId",
                            "global_secondary_index.2342318823.projection_type": "INCLUDE",
                            "global_secondary_index.2342318823.range_key": "TopScore",
                            "global_secondary_index.2342318823.read_capacity": "10",
                            "global_secondary_index.2342318823.write_capacity": "10",
                            "hash_key": "UserId",
                            "id": "cd_releaser_tableS",
                            "local_secondary_index.#": "0",
                            "name": "cd_releaser_tableS",
                            "range_key": "GameTitle",
                            "read_capacity": "5",
                            "tags.%": "2",
                            "tags.Environment": "production",
                            "tags.Name": "dynamodb-table-1",
                            "ttl.#": "1",
                            "ttl.2557590691.attribute_name": "TimeToExist",
                            "ttl.2557590691.enabled": "false",
                            "write_capacity": "5"
                        },
                        "meta": {
                            "schema_version": "1"
                        },
                        "tainted": false
                    },
                    "deposed": [],
                    "provider": ""
                },
                "aws_iam_role.cd_releaser_global": {
                    "type": "aws_iam_role",
                    "depends_on": [],
                    "primary": {
                        "id": "cd_releaser_global",
                        "attributes": {
                            "arn": "arn:aws:iam::441025416422:role/cd_releaser_global",
                            "assume_role_policy": "{\"Version\":\"2012-10-17\",\"Statement\":[{\"Sid\":\"\",\"Effect\":\"Allow\",\"Principal\":{\"Service\":[\"lambda.amazonaws.com\",\"apigateway.amazonaws.com\"]},\"Action\":\"sts:AssumeRole\"}]}",
                            "create_date": "2017-10-06T02:10:26Z",
                            "force_detach_policies": "false",
                            "id": "cd_releaser_global",
                            "name": "cd_releaser_global",
                            "path": "/",
                            "unique_id": "AROAI6Z4J2XMIU3ONEYDM"
                        },
                        "meta": {},
                        "tainted": false
                    },
                    "deposed": [],
                    "provider": ""
                },
                "aws_iam_role_policy.lambda_apigateway_invoke": {
                    "type": "aws_iam_role_policy",
                    "depends_on": [
                        "aws_iam_role.cd_releaser_global"
                    ],
                    "primary": {
                        "id": "cd_releaser_global:lambda_apigateway_invoke",
                        "attributes": {
                            "id": "cd_releaser_global:lambda_apigateway_invoke",
                            "name": "lambda_apigateway_invoke",
                            "policy": "{\n  \"Version\": \"2012-10-17\",\n  \"Statement\": [\n    {\n      \"Effect\": \"Allow\",\n      \"Resource\": [\n        \"*\"\n      ],\n      \"Action\": [\n        \"lambda:InvokeFunction\"\n      ]\n    }\n  ]\n}\n",
                            "role": "cd_releaser_global"
                        },
                        "meta": {},
                        "tainted": false
                    },
                    "deposed": [],
                    "provider": ""
                },
                "aws_iam_role_policy.lambda_dynamodb_access": {
                    "type": "aws_iam_role_policy",
                    "depends_on": [
                        "aws_dynamodb_table.cd_releaser",
                        "aws_iam_role.cd_releaser_global"
                    ],
                    "primary": {
                        "id": "cd_releaser_global:lambda_dynamodb_access",
                        "attributes": {
                            "id": "cd_releaser_global:lambda_dynamodb_access",
                            "name": "lambda_dynamodb_access",
                            "policy": "{\n    \"Version\": \"2012-10-17\",\n    \"Statement\": [\n        {\n            \"Sid\": \"notneeded\",\n            \"Effect\": \"Allow\",\n            \"Action\": [\n                \"dynamodb:BatchGetItem\",\n                \"dynamodb:BatchWriteItem\",\n                \"dynamodb:DescribeTable\",\n                \"dynamodb:GetItem\",\n                \"dynamodb:GetRecords\",\n                \"dynamodb:ListTables\",\n                \"dynamodb:PutItem\",\n                \"dynamodb:Query\",\n                \"dynamodb:Scan\",\n                \"dynamodb:UpdateItem\",\n                \"dynamodb:UpdateTable\"\n            ],\n            \"Resource\": [\n                \"arn:aws:dynamodb:ap-southeast-2:441025416422:table/cd_releaser_tableS\"\n            ]\n        }\n    ]\n}\n",
                            "role": "cd_releaser_global"
                        },
                        "meta": {},
                        "tainted": false
                    },
                    "deposed": [],
                    "provider": ""
                },
                "aws_lambda_permission.apigw_lambda": {
                    "type": "aws_lambda_permission",
                    "depends_on": [
                        "aws_api_gateway_method.api_post",
                        "aws_api_gateway_resource.api",
                        "aws_api_gateway_rest_api.cd_releaser"
                    ],
                    "primary": {
                        "id": "AllowExecutionFromAPIGateway",
                        "attributes": {
                            "action": "lambda:InvokeFunction",
                            "function_name": "arn:aws:lambda:ap-southeast-2:441025416422:function:apex_hello",
                            "id": "AllowExecutionFromAPIGateway",
                            "principal": "apigateway.amazonaws.com",
                            "qualifier": "",
                            "source_arn": "arn:aws:execute-api:ap-southeast-2:441025416422:vjkkramagd/*/POST/api",
                            "statement_id": "AllowExecutionFromAPIGateway"
                        },
                        "meta": {},
                        "tainted": false
                    },
                    "deposed": [],
                    "provider": ""
                }
            },
            "depends_on": []
        }
    ]
}
